
Microsoft Visual Studio Solution File, Format Version 12.00
Project("{FAE04EC0-301F-11D3-BF4B-00C04F79EFBC}") = "Facade", "Facade\Facade.csproj", "{213AE342-AA1A-4FDA-A37A-49D54F6715DC}"
EndProject
Project("{FAE04EC0-301F-11D3-BF4B-00C04F79EFBC}") = "Logging", "Logging\Logging.csproj", "{EDB68B85-3E85-40E9-8F81-73F4E0E4A82C}"
EndProject
Project("{FAE04EC0-301F-11D3-BF4B-00C04F79EFBC}") = "Messages", "Messages\Messages.csproj", "{DC854696-CCDA-4315-9245-C023B1B7EB4F}"
EndProject
Global
	GlobalSection(SolutionConfigurationPlatforms) = preSolution
		Debug|Any CPU = Debug|Any CPU
		Release|Any CPU = Release|Any CPU
	EndGlobalSection
	GlobalSection(ProjectConfigurationPlatforms) = postSolution
		{213AE342-AA1A-4FDA-A37A-49D54F6715DC}.Debug|Any CPU.ActiveCfg = Debug|Any CPU
		{213AE342-AA1A-4FDA-A37A-49D54F6715DC}.Debug|Any CPU.Build.0 = Debug|Any CPU
		{213AE342-AA1A-4FDA-A37A-49D54F6715DC}.Release|Any CPU.ActiveCfg = Release|Any CPU
		{213AE342-AA1A-4FDA-A37A-49D54F6715DC}.Release|Any CPU.Build.0 = Release|Any CPU
		{EDB68B85-3E85-40E9-8F81-73F4E0E4A82C}.Debug|Any CPU.ActiveCfg = Debug|Any CPU
		{EDB68B85-3E85-40E9-8F81-73F4E0E4A82C}.Debug|Any CPU.Build.0 = Debug|Any CPU
		{EDB68B85-3E85-40E9-8F81-73F4E0E4A82C}.Release|Any CPU.ActiveCfg = Release|Any CPU
		{EDB68B85-3E85-40E9-8F81-73F4E0E4A82C}.Release|Any CPU.Build.0 = Release|Any CPU
		{DC854696-CCDA-4315-9245-C023B1B7EB4F}.Debug|Any CPU.ActiveCfg = Debug|Any CPU
		{DC854696-CCDA-4315-9245-C023B1B7EB4F}.Debug|Any CPU.Build.0 = Debug|Any CPU
		{DC854696-CCDA-4315-9245-C023B1B7EB4F}.Release|Any CPU.ActiveCfg = Release|Any CPU
		{DC854696-CCDA-4315-9245-C023B1B7EB4F}.Release|Any CPU.Build.0 = Release|Any CPU
	EndGlobalSection
EndGlobal
